
Microsoft Visual Studio Solution File, Format Version 12.00
# Visual Studio 15
VisualStudioVersion = 15.0.26430.6
MinimumVisualStudioVersion = 10.0.40219.1
Project("{FAE04EC0-301F-11D3-BF4B-00C04F79EFBC}") = "App3", "App3\App3.csproj", "{2D576BF9-1904-43B6-AC6D-B30DB33CB07D}"
EndProject
Global
	GlobalSection(SolutionConfigurationPlatforms) = preSolution
		Debug|ARM = Debug|ARM
		Debug|x64 = Debug|x64
		Debug|x86 = Debug|x86
		Release|ARM = Release|ARM
		Release|x64 = Release|x64
		Release|x86 = Release|x86
	EndGlobalSection
	GlobalSection(ProjectConfigurationPlatforms) = postSolution
		{2D576BF9-1904-43B6-AC6D-B30DB33CB07D}.Debug|ARM.ActiveCfg = Debug|ARM
		{2D576BF9-1904-43B6-AC6D-B30DB33CB07D}.Debug|ARM.Build.0 = Debug|ARM
		{2D576BF9-1904-43B6-AC6D-B30DB33CB07D}.Debug|ARM.Deploy.0 = Debug|ARM
		{2D576BF9-1904-43B6-AC6D-B30DB33CB07D}.Debug|x64.ActiveCfg = Debug|x64
		{2D576BF9-1904-43B6-AC6D-B30DB33CB07D}.Debug|x64.Build.0 = Debug|x64
		{2D576BF9-1904-43B6-AC6D-B30DB33CB07D}.Debug|x64.Deploy.0 = Debug|x64
		{2D576BF9-1904-43B6-AC6D-B30DB33CB07D}.Debug|x86.ActiveCfg = Debug|x86
		{2D576BF9-1904-43B6-AC6D-B30DB33CB07D}.Debug|x86.Build.0 = Debug|x86
		{2D576BF9-1904-43B6-AC6D-B30DB33CB07D}.Debug|x86.Deploy.0 = Debug|x86
		{2D576BF9-1904-43B6-AC6D-B30DB33CB07D}.Release|ARM.ActiveCfg = Release|ARM
		{2D576BF9-1904-43B6-AC6D-B30DB33CB07D}.Release|ARM.Build.0 = Release|ARM
		{2D576BF9-1904-43B6-AC6D-B30DB33CB07D}.Release|ARM.Deploy.0 = Release|ARM
		{2D576BF9-1904-43B6-AC6D-B30DB33CB07D}.Release|x64.ActiveCfg = Release|x64
		{2D576BF9-1904-43B6-AC6D-B30DB33CB07D}.Release|x64.Build.0 = Release|x64
		{2D576BF9-1904-43B6-AC6D-B30DB33CB07D}.Release|x64.Deploy.0 = Release|x64
		{2D576BF9-1904-43B6-AC6D-B30DB33CB07D}.Release|x86.ActiveCfg = Release|x86
		{2D576BF9-1904-43B6-AC6D-B30DB33CB07D}.Release|x86.Build.0 = Release|x86
		{2D576BF9-1904-43B6-AC6D-B30DB33CB07D}.Release|x86.Deploy.0 = Release|x86
	EndGlobalSection
	GlobalSection(SolutionProperties) = preSolution
		HideSolutionNode = FALSE
	EndGlobalSection
EndGlobal
